// !$*UTF8*$!
{
	archiveVersion = 1;
	classes = {
	};
	objectVersion = 51;
	objects = {

/* Begin PBXBuildFile section */
		646C7AFAABEC06F095BEEAE5 /* Pods_testGQ.framework in Frameworks */ = {isa = PBXBuildFile; fileRef = 9C0CD351CA55384AADECEC37 /* Pods_testGQ.framework */; };
		C14A64E125E0BC8200AF41DE /* AppDelegate.swift in Sources */ = {isa = PBXBuildFile; fileRef = C14A64E025E0BC8200AF41DE /* AppDelegate.swift */; };
		C14A64E525E0BC8200AF41DE /* ViewController.swift in Sources */ = {isa = PBXBuildFile; fileRef = C14A64E425E0BC8200AF41DE /* ViewController.swift */; };
		C14A64EA25E0BC8200AF41DE /* Assets.xcassets in Resources */ = {isa = PBXBuildFile; fileRef = C14A64E925E0BC8200AF41DE /* Assets.xcassets */; };
		C14A64ED25E0BC8200AF41DE /* LaunchScreen.storyboard in Resources */ = {isa = PBXBuildFile; fileRef = C14A64EB25E0BC8200AF41DE /* LaunchScreen.storyboard */; };
		C14A64F825E0BC8200AF41DE /* testGQTests.swift in Sources */ = {isa = PBXBuildFile; fileRef = C14A64F725E0BC8200AF41DE /* testGQTests.swift */; };
		C14A650325E0BC8200AF41DE /* testGQUITests.swift in Sources */ = {isa = PBXBuildFile; fileRef = C14A650225E0BC8200AF41DE /* testGQUITests.swift */; };
		C14A652C25E0BF8100AF41DE /* LHYNetTool.m in Sources */ = {isa = PBXBuildFile; fileRef = C14A652B25E0BF8000AF41DE /* LHYNetTool.m */; };
		C14A655125E0EF2D00AF41DE /* HistoryController.swift in Sources */ = {isa = PBXBuildFile; fileRef = C14A655025E0EF2D00AF41DE /* HistoryController.swift */; };
		C14A655A25E0FA0100AF41DE /* TableViewCell.swift in Sources */ = {isa = PBXBuildFile; fileRef = C14A655825E0FA0100AF41DE /* TableViewCell.swift */; };
/* End PBXBuildFile section */

/* Begin PBXContainerItemProxy section */
		C14A64F425E0BC8200AF41DE /* PBXContainerItemProxy */ = {
			isa = PBXContainerItemProxy;
			containerPortal = C14A64D525E0BC8200AF41DE /* Project object */;
			proxyType = 1;
			remoteGlobalIDString = C14A64DC25E0BC8200AF41DE;
			remoteInfo = testGQ;
		};
		C14A64FF25E0BC8200AF41DE /* PBXContainerItemProxy */ = {
			isa = PBXContainerItemProxy;
			containerPortal = C14A64D525E0BC8200AF41DE /* Project object */;
			proxyType = 1;
			remoteGlobalIDString = C14A64DC25E0BC8200AF41DE;
			remoteInfo = testGQ;
		};
/* End PBXContainerItemProxy section */

/* Begin PBXFileReference section */
		9C0CD351CA55384AADECEC37 /* Pods_testGQ.framework */ = {isa = PBXFileReference; explicitFileType = wrapper.framework; includeInIndex = 0; path = Pods_testGQ.framework; sourceTree = BUILT_PRODUCTS_DIR; };
		B3E5040CFA76775C6D1A1E56 /* Pods-testGQ.release.xcconfig */ = {isa = PBXFileReference; includeInIndex = 1; lastKnownFileType = text.xcconfig; name = "Pods-testGQ.release.xcconfig"; path = "Target Support Files/Pods-testGQ/Pods-testGQ.release.xcconfig"; sourceTree = "<group>"; };
		B429594073DADB4362AD72B9 /* Pods-testGQ.debug.xcconfig */ = {isa = PBXFileReference; includeInIndex = 1; lastKnownFileType = text.xcconfig; name = "Pods-testGQ.debug.xcconfig"; path = "Target Support Files/Pods-testGQ/Pods-testGQ.debug.xcconfig"; sourceTree = "<group>"; };
		C14A64DD25E0BC8200AF41DE /* testGQ.app */ = {isa = PBXFileReference; explicitFileType = wrapper.application; includeInIndex = 0; path = testGQ.app; sourceTree = BUILT_PRODUCTS_DIR; };
		C14A64E025E0BC8200AF41DE /* AppDelegate.swift */ = {isa = PBXFileReference; lastKnownFileType = sourcecode.swift; path = AppDelegate.swift; sourceTree = "<group>"; };
		C14A64E425E0BC8200AF41DE /* ViewController.swift */ = {isa = PBXFileReference; lastKnownFileType = sourcecode.swift; path = ViewController.swift; sourceTree = "<group>"; };
		C14A64E925E0BC8200AF41DE /* Assets.xcassets */ = {isa = PBXFileReference; lastKnownFileType = folder.assetcatalog; path = Assets.xcassets; sourceTree = "<group>"; };
		C14A64EC25E0BC8200AF41DE /* Base */ = {isa = PBXFileReference; lastKnownFileType = file.storyboard; name = Base; path = Base.lproj/LaunchScreen.storyboard; sourceTree = "<group>"; };
		C14A64EE25E0BC8200AF41DE /* Info.plist */ = {isa = PBXFileReference; lastKnownFileType = text.plist.xml; path = Info.plist; sourceTree = "<group>"; };
		C14A64F325E0BC8200AF41DE /* testGQTests.xctest */ = {isa = PBXFileReference; explicitFileType = wrapper.cfbundle; includeInIndex = 0; path = testGQTests.xctest; sourceTree = BUILT_PRODUCTS_DIR; };
		C14A64F725E0BC8200AF41DE /* testGQTests.swift */ = {isa = PBXFileReference; lastKnownFileType = sourcecode.swift; path = testGQTests.swift; sourceTree = "<group>"; };
		C14A64F925E0BC8200AF41DE /* Info.plist */ = {isa = PBXFileReference; lastKnownFileType = text.plist.xml; path = Info.plist; sourceTree = "<group>"; };
		C14A64FE25E0BC8200AF41DE /* testGQUITests.xctest */ = {isa = PBXFileReference; explicitFileType = wrapper.cfbundle; includeInIndex = 0; path = testGQUITests.xctest; sourceTree = BUILT_PRODUCTS_DIR; };
		C14A650225E0BC8200AF41DE /* testGQUITests.swift */ = {isa = PBXFileReference; lastKnownFileType = sourcecode.swift; path = testGQUITests.swift; sourceTree = "<group>"; };
		C14A650425E0BC8300AF41DE /* Info.plist */ = {isa = PBXFileReference; lastKnownFileType = text.plist.xml; path = Info.plist; sourceTree = "<group>"; };
		C14A652925E0BF8000AF41DE /* testGQ-Bridging-Header.h */ = {isa = PBXFileReference; lastKnownFileType = sourcecode.c.h; path = "testGQ-Bridging-Header.h"; sourceTree = "<group>"; };
		C14A652A25E0BF8000AF41DE /* LHYNetTool.h */ = {isa = PBXFileReference; fileEncoding = 4; lastKnownFileType = sourcecode.c.h; path = LHYNetTool.h; sourceTree = "<group>"; };
		C14A652B25E0BF8000AF41DE /* LHYNetTool.m */ = {isa = PBXFileReference; fileEncoding = 4; lastKnownFileType = sourcecode.c.objc; path = LHYNetTool.m; sourceTree = "<group>"; };
		C14A655025E0EF2D00AF41DE /* HistoryController.swift */ = {isa = PBXFileReference; lastKnownFileType = sourcecode.swift; path = HistoryController.swift; sourceTree = "<group>"; };
		C14A655825E0FA0100AF41DE /* TableViewCell.swift */ = {isa = PBXFileReference; lastKnownFileType = sourcecode.swift; path = TableViewCell.swift; sourceTree = "<group>"; };
/* End PBXFileReference section */

/* Begin PBXFrameworksBuildPhase section */
		C14A64DA25E0BC8200AF41DE /* Frameworks */ = {
			isa = PBXFrameworksBuildPhase;
			buildActionMask = 2147483647;
			files = (
				646C7AFAABEC06F095BEEAE5 /* Pods_testGQ.framework in Frameworks */,
			);
			runOnlyForDeploymentPostprocessing = 0;
		};
		C14A64F025E0BC8200AF41DE /* Frameworks */ = {
			isa = PBXFrameworksBuildPhase;
			buildActionMask = 2147483647;
			files = (
			);
			runOnlyForDeploymentPostprocessing = 0;
		};
		C14A64FB25E0BC8200AF41DE /* Frameworks */ = {
			isa = PBXFrameworksBuildPhase;
			buildActionMask = 2147483647;
			files = (
			);
			runOnlyForDeploymentPostprocessing = 0;
		};
/* End PBXFrameworksBuildPhase section */

/* Begin PBXGroup section */
		4E888F4F232973E3C985167E /* Frameworks */ = {
			isa = PBXGroup;
			children = (
				9C0CD351CA55384AADECEC37 /* Pods_testGQ.framework */,
			);
			name = Frameworks;
			sourceTree = "<group>";
		};
		96734F7B9ABD2414237A2CA7 /* Pods */ = {
			isa = PBXGroup;
			children = (
				B429594073DADB4362AD72B9 /* Pods-testGQ.debug.xcconfig */,
				B3E5040CFA76775C6D1A1E56 /* Pods-testGQ.release.xcconfig */,
			);
			path = Pods;
			sourceTree = "<group>";
		};
		C14A64D425E0BC8200AF41DE = {
			isa = PBXGroup;
			children = (
				C14A64DF25E0BC8200AF41DE /* testGQ */,
				C14A64F625E0BC8200AF41DE /* testGQTests */,
				C14A650125E0BC8200AF41DE /* testGQUITests */,
				C14A64DE25E0BC8200AF41DE /* Products */,
				96734F7B9ABD2414237A2CA7 /* Pods */,
				4E888F4F232973E3C985167E /* Frameworks */,
			);
			sourceTree = "<group>";
		};
		C14A64DE25E0BC8200AF41DE /* Products */ = {
			isa = PBXGroup;
			children = (
				C14A64DD25E0BC8200AF41DE /* testGQ.app */,
				C14A64F325E0BC8200AF41DE /* testGQTests.xctest */,
				C14A64FE25E0BC8200AF41DE /* testGQUITests.xctest */,
			);
			name = Products;
			sourceTree = "<group>";
		};
		C14A64DF25E0BC8200AF41DE /* testGQ */ = {
			isa = PBXGroup;
			children = (
				C14A652A25E0BF8000AF41DE /* LHYNetTool.h */,
				C14A652B25E0BF8000AF41DE /* LHYNetTool.m */,
				C14A64E025E0BC8200AF41DE /* AppDelegate.swift */,
				C14A64E425E0BC8200AF41DE /* ViewController.swift */,
				C14A655025E0EF2D00AF41DE /* HistoryController.swift */,
				C14A655825E0FA0100AF41DE /* TableViewCell.swift */,
				C14A64E925E0BC8200AF41DE /* Assets.xcassets */,
				C14A64EB25E0BC8200AF41DE /* LaunchScreen.storyboard */,
				C14A64EE25E0BC8200AF41DE /* Info.plist */,
				C14A652925E0BF8000AF41DE /* testGQ-Bridging-Header.h */,
			);
			path = testGQ;
			sourceTree = "<group>";
		};
		C14A64F625E0BC8200AF41DE /* testGQTests */ = {
			isa = PBXGroup;
			children = (
				C14A64F725E0BC8200AF41DE /* testGQTests.swift */,
				C14A64F925E0BC8200AF41DE /* Info.plist */,
			);
			path = testGQTests;
			sourceTree = "<group>";
		};
		C14A650125E0BC8200AF41DE /* testGQUITests */ = {
			isa = PBXGroup;
			children = (
				C14A650225E0BC8200AF41DE /* testGQUITests.swift */,
				C14A650425E0BC8300AF41DE /* Info.plist */,
			);
			path = testGQUITests;
			sourceTree = "<group>";
		};
/* End PBXGroup section */

/* Begin PBXNativeTarget section */
		C14A64DC25E0BC8200AF41DE /* testGQ */ = {
			isa = PBXNativeTarget;
			buildConfigurationList = C14A650725E0BC8300AF41DE /* Build configuration list for PBXNativeTarget "testGQ" */;
			buildPhases = (
				52257808504A46829AC6E960 /* [CP] Check Pods Manifest.lock */,
				C14A64D925E0BC8200AF41DE /* Sources */,
				C14A64DA25E0BC8200AF41DE /* Frameworks */,
				C14A64DB25E0BC8200AF41DE /* Resources */,
				283B41FAB61E013F5EC4AAAE /* [CP] Embed Pods Frameworks */,
			);
			buildRules = (
			);
			dependencies = (
			);
			name = testGQ;
			productName = testGQ;
			productReference = C14A64DD25E0BC8200AF41DE /* testGQ.app */;
			productType = "com.apple.product-type.application";
		};
		C14A64F225E0BC8200AF41DE /* testGQTests */ = {
			isa = PBXNativeTarget;
			buildConfigurationList = C14A650A25E0BC8300AF41DE /* Build configuration list for PBXNativeTarget "testGQTests" */;
			buildPhases = (
				C14A64EF25E0BC8200AF41DE /* Sources */,
				C14A64F025E0BC8200AF41DE /* Frameworks */,
				C14A64F125E0BC8200AF41DE /* Resources */,
			);
			buildRules = (
			);
			dependencies = (
				C14A64F525E0BC8200AF41DE /* PBXTargetDependency */,
			);
			name = testGQTests;
			productName = testGQTests;
			productReference = C14A64F325E0BC8200AF41DE /* testGQTests.xctest */;
			productType = "com.apple.product-type.bundle.unit-test";
		};
		C14A64FD25E0BC8200AF41DE /* testGQUITests */ = {
			isa = PBXNativeTarget;
			buildConfigurationList = C14A650D25E0BC8300AF41DE /* Build configuration list for PBXNativeTarget "testGQUITests" */;
			buildPhases = (
				C14A64FA25E0BC8200AF41DE /* Sources */,
				C14A64FB25E0BC8200AF41DE /* Frameworks */,
				C14A64FC25E0BC8200AF41DE /* Resources */,
			);
			buildRules = (
			);
			dependencies = (
				C14A650025E0BC8200AF41DE /* PBXTargetDependency */,
			);
			name = testGQUITests;
			productName = testGQUITests;
			productReference = C14A64FE25E0BC8200AF41DE /* testGQUITests.xctest */;
			productType = "com.apple.product-type.bundle.ui-testing";
		};
/* End PBXNativeTarget section */

/* Begin PBXProject section */
		C14A64D525E0BC8200AF41DE /* Project object */ = {
			isa = PBXProject;
			attributes = {
				LastSwiftUpdateCheck = 1230;
				LastUpgradeCheck = 1230;
				TargetAttributes = {
					C14A64DC25E0BC8200AF41DE = {
						CreatedOnToolsVersion = 12.3;
						LastSwiftMigration = 1230;
					};
					C14A64F225E0BC8200AF41DE = {
						CreatedOnToolsVersion = 12.3;
						TestTargetID = C14A64DC25E0BC8200AF41DE;
					};
					C14A64FD25E0BC8200AF41DE = {
						CreatedOnToolsVersion = 12.3;
						TestTargetID = C14A64DC25E0BC8200AF41DE;
					};
				};
			};
			buildConfigurationList = C14A64D825E0BC8200AF41DE /* Build configuration list for PBXProject "testGQ" */;
			compatibilityVersion = "Xcode 9.3";
			developmentRegion = en;
			hasScannedForEncodings = 0;
			knownRegions = (
				en,
				Base,
			);
			mainGroup = C14A64D425E0BC8200AF41DE;
			productRefGroup = C14A64DE25E0BC8200AF41DE /* Products */;
			projectDirPath = "";
			projectRoot = "";
			targets = (
				C14A64DC25E0BC8200AF41DE /* testGQ */,
				C14A64F225E0BC8200AF41DE /* testGQTests */,
				C14A64FD25E0BC8200AF41DE /* testGQUITests */,
			);
		};
/* End PBXProject section */

/* Begin PBXResourcesBuildPhase section */
		C14A64DB25E0BC8200AF41DE /* Resources */ = {
			isa = PBXResourcesBuildPhase;
			buildActionMask = 2147483647;
			files = (
				C14A64ED25E0BC8200AF41DE /* LaunchScreen.storyboard in Resources */,
				C14A64EA25E0BC8200AF41DE /* Assets.xcassets in Resources */,
			);
			runOnlyForDeploymentPostprocessing = 0;
		};
		C14A64F125E0BC8200AF41DE /* Resources */ = {
			isa = PBXResourcesBuildPhase;
			buildActionMask = 2147483647;
			files = (
			);
			runOnlyForDeploymentPostprocessing = 0;
		};
		C14A64FC25E0BC8200AF41DE /* Resources */ = {
			isa = PBXResourcesBuildPhase;
			buildActionMask = 2147483647;
			files = (
			);
			runOnlyForDeploymentPostprocessing = 0;
		};
/* End PBXResourcesBuildPhase section */

/* Begin PBXShellScriptBuildPhase section */
		283B41FAB61E013F5EC4AAAE /* [CP] Embed Pods Frameworks */ = {
			isa = PBXShellScriptBuildPhase;
			buildActionMask = 2147483647;
			files = (
			);
			inputFileListPaths = (
				"${PODS_ROOT}/Target Support Files/Pods-testGQ/Pods-testGQ-frameworks-${CONFIGURATION}-input-files.xcfilelist",
			);
			name = "[CP] Embed Pods Frameworks";
			outputFileListPaths = (
				"${PODS_ROOT}/Target Support Files/Pods-testGQ/Pods-testGQ-frameworks-${CONFIGURATION}-output-files.xcfilelist",
			);
			runOnlyForDeploymentPostprocessing = 0;
			shellPath = /bin/sh;
			shellScript = "\"${PODS_ROOT}/Target Support Files/Pods-testGQ/Pods-testGQ-frameworks.sh\"\n";
			showEnvVarsInLog = 0;
		};
		52257808504A46829AC6E960 /* [CP] Check Pods Manifest.lock */ = {
			isa = PBXShellScriptBuildPhase;
			buildActionMask = 2147483647;
			files = (
			);
			inputFileListPaths = (
			);
			inputPaths = (
				"${PODS_PODFILE_DIR_PATH}/Podfile.lock",
				"${PODS_ROOT}/Manifest.lock",
			);
			name = "[CP] Check Pods Manifest.lock";
			outputFileListPaths = (
			);
			outputPaths = (
				"$(DERIVED_FILE_DIR)/Pods-testGQ-checkManifestLockResult.txt",
			);
			runOnlyForDeploymentPostprocessing = 0;
			shellPath = /bin/sh;
			shellScript = "diff \"${PODS_PODFILE_DIR_PATH}/Podfile.lock\" \"${PODS_ROOT}/Manifest.lock\" > /dev/null\nif [ $? != 0 ] ; then\n    # print error to STDERR\n    echo \"error: The sandbox is not in sync with the Podfile.lock. Run 'pod install' or update your CocoaPods installation.\" >&2\n    exit 1\nfi\n# This output is used by Xcode 'outputs' to avoid re-running this script phase.\necho \"SUCCESS\" > \"${SCRIPT_OUTPUT_FILE_0}\"\n";
			showEnvVarsInLog = 0;
		};
/* End PBXShellScriptBuildPhase section */

/* Begin PBXSourcesBuildPhase section */
		C14A64D925E0BC8200AF41DE /* Sources */ = {
			isa = PBXSourcesBuildPhase;
			buildActionMask = 2147483647;
			files = (
				C14A655A25E0FA0100AF41DE /* TableViewCell.swift in Sources */,
				C14A655125E0EF2D00AF41DE /* HistoryController.swift in Sources */,
				C14A64E525E0BC8200AF41DE /* ViewController.swift in Sources */,
				C14A64E125E0BC8200AF41DE /* AppDelegate.swift in Sources */,
				C14A652C25E0BF8100AF41DE /* LHYNetTool.m in Sources */,
			);
			runOnlyForDeploymentPostprocessing = 0;
		};
		C14A64EF25E0BC8200AF41DE /* Sources */ = {
			isa = PBXSourcesBuildPhase;
			buildActionMask = 2147483647;
			files = (
				C14A64F825E0BC8200AF41DE /* testGQTests.swift in Sources */,
			);
			runOnlyForDeploymentPostprocessing = 0;
		};
		C14A64FA25E0BC8200AF41DE /* Sources */ = {
			isa = PBXSourcesBuildPhase;
			buildActionMask = 2147483647;
			files = (
				C14A650325E0BC8200AF41DE /* testGQUITests.swift in Sources */,
			);
			runOnlyForDeploymentPostprocessing = 0;
		};
/* End PBXSourcesBuildPhase section */

/* Begin PBXTargetDependency section */
		C14A64F525E0BC8200AF41DE /* PBXTargetDependency */ = {
			isa = PBXTargetDependency;
			target = C14A64DC25E0BC8200AF41DE /* testGQ */;
			targetProxy = C14A64F425E0BC8200AF41DE /* PBXContainerItemProxy */;
		};
		C14A650025E0BC8200AF41DE /* PBXTargetDependency */ = {
			isa = PBXTargetDependency;
			target = C14A64DC25E0BC8200AF41DE /* testGQ */;
			targetProxy = C14A64FF25E0BC8200AF41DE /* PBXContainerItemProxy */;
		};
/* End PBXTargetDependency section */

/* Begin PBXVariantGroup section */
		C14A64EB25E0BC8200AF41DE /* LaunchScreen.storyboard */ = {
			isa = PBXVariantGroup;
			children = (
				C14A64EC25E0BC8200AF41DE /* Base */,
			);
			name = LaunchScreen.storyboard;
			sourceTree = "<group>";
		};
/* End PBXVariantGroup section */

/* Begin XCBuildConfiguration section */
		C14A650525E0BC8300AF41DE /* Debug */ = {
			isa = XCBuildConfiguration;
			buildSettings = {
				ALWAYS_SEARCH_USER_PATHS = NO;
				CLANG_ANALYZER_NONNULL = YES;
				CLANG_ANALYZER_NUMBER_OBJECT_CONVERSION = YES_AGGRESSIVE;
				CLANG_CXX_LANGUAGE_STANDARD = "gnu++14";
				CLANG_CXX_LIBRARY = "libc++";
				CLANG_ENABLE_MODULES = YES;
				CLANG_ENABLE_OBJC_ARC = YES;
				CLANG_ENABLE_OBJC_WEAK = YES;
				CLANG_WARN_BLOCK_CAPTURE_AUTORELEASING = YES;
				CLANG_WARN_BOOL_CONVERSION = YES;
				CLANG_WARN_COMMA = YES;
				CLANG_WARN_CONSTANT_CONVERSION = YES;
				CLANG_WARN_DEPRECATED_OBJC_IMPLEMENTATIONS = YES;
				CLANG_WARN_DIRECT_OBJC_ISA_USAGE = YES_ERROR;
				CLANG_WARN_DOCUMENTATION_COMMENTS = YES;
				CLANG_WARN_EMPTY_BODY = YES;
				CLANG_WARN_ENUM_CONVERSION = YES;
				CLANG_WARN_INFINITE_RECURSION = YES;
				CLANG_WARN_INT_CONVERSION = YES;
				CLANG_WARN_NON_LITERAL_NULL_CONVERSION = YES;
				CLANG_WARN_OBJC_IMPLICIT_RETAIN_SELF = YES;
				CLANG_WARN_OBJC_LITERAL_CONVERSION = YES;
				CLANG_WARN_OBJC_ROOT_CLASS = YES_ERROR;
				CLANG_WARN_QUOTED_INCLUDE_IN_FRAMEWORK_HEADER = YES;
				CLANG_WARN_RANGE_LOOP_ANALYSIS = YES;
				CLANG_WARN_STRICT_PROTOTYPES = YES;
				CLANG_WARN_SUSPICIOUS_MOVE = YES;
				CLANG_WARN_UNGUARDED_AVAILABILITY = YES_AGGRESSIVE;
				CLANG_WARN_UNREACHABLE_CODE = YES;
				CLANG_WARN__DUPLICATE_METHOD_MATCH = YES;
				COPY_PHASE_STRIP = NO;
				DEBUG_INFORMATION_FORMAT = dwarf;
				ENABLE_STRICT_OBJC_MSGSEND = YES;
				ENABLE_TESTABILITY = YES;
				GCC_C_LANGUAGE_STANDARD = gnu11;
				GCC_DYNAMIC_NO_PIC = NO;
				GCC_NO_COMMON_BLOCKS = YES;
				GCC_OPTIMIZATION_LEVEL = 0;
				GCC_PREPROCESSOR_DEFINITIONS = (
					"DEBUG=1",
					"$(inherited)",
				);
				GCC_WARN_64_TO_32_BIT_CONVERSION = YES;
				GCC_WARN_ABOUT_RETURN_TYPE = YES_ERROR;
				GCC_WARN_UNDECLARED_SELECTOR = YES;
				GCC_WARN_UNINITIALIZED_AUTOS = YES_AGGRESSIVE;
				GCC_WARN_UNUSED_FUNCTION = YES;
				GCC_WARN_UNUSED_VARIABLE = YES;
				IPHONEOS_DEPLOYMENT_TARGET = 14.0;
				MTL_ENABLE_DEBUG_INFO = INCLUDE_SOURCE;
				MTL_FAST_MATH = YES;
				ONLY_ACTIVE_ARCH = YES;
				SDKROOT = iphoneos;
				SWIFT_ACTIVE_COMPILATION_CONDITIONS = DEBUG;
				SWIFT_OPTIMIZATION_LEVEL = "-Onone";
			};
			name = Debug;
		};
		C14A650625E0BC8300AF41DE /* Release */ = {
			isa = XCBuildConfiguration;
			buildSettings = {
				ALWAYS_SEARCH_USER_PATHS = NO;
				CLANG_ANALYZER_NONNULL = YES;
				CLANG_ANALYZER_NUMBER_OBJECT_CONVERSION = YES_AGGRESSIVE;
				CLANG_CXX_LANGUAGE_STANDARD = "gnu++14";
				CLANG_CXX_LIBRARY = "libc++";
				CLANG_ENABLE_MODULES = YES;
				CLANG_ENABLE_OBJC_ARC = YES;
				CLANG_ENABLE_OBJC_WEAK = YES;
				CLANG_WARN_BLOCK_CAPTURE_AUTORELEASING = YES;
				CLANG_WARN_BOOL_CONVERSION = YES;
				CLANG_WARN_COMMA = YES;
				CLANG_WARN_CONSTANT_CONVERSION = YES;
				CLANG_WARN_DEPRECATED_OBJC_IMPLEMENTATIONS = YES;
				CLANG_WARN_DIRECT_OBJC_ISA_USAGE = YES_ERROR;
				CLANG_WARN_DOCUMENTATION_COMMENTS = YES;
				CLANG_WARN_EMPTY_BODY = YES;
				CLANG_WARN_ENUM_CONVERSION = YES;
				CLANG_WARN_INFINITE_RECURSION = YES;
				CLANG_WARN_INT_CONVERSION = YES;
				CLANG_WARN_NON_LITERAL_NULL_CONVERSION = YES;
				CLANG_WARN_OBJC_IMPLICIT_RETAIN_SELF = YES;
				CLANG_WARN_OBJC_LITERAL_CONVERSION = YES;
				CLANG_WARN_OBJC_ROOT_CLASS = YES_ERROR;
				CLANG_WARN_QUOTED_INCLUDE_IN_FRAMEWORK_HEADER = YES;
				CLANG_WARN_RANGE_LOOP_ANALYSIS = YES;
				CLANG_WARN_STRICT_PROTOTYPES = YES;
				CLANG_WARN_SUSPICIOUS_MOVE = YES;
				CLANG_WARN_UNGUARDED_AVAILABILITY = YES_AGGRESSIVE;
				CLANG_WARN_UNREACHABLE_CODE = YES;
				CLANG_WARN__DUPLICATE_METHOD_MATCH = YES;
				COPY_PHASE_STRIP = NO;
				DEBUG_INFORMATION_FORMAT = "dwarf-with-dsym";
				ENABLE_NS_ASSERTIONS = NO;
				ENABLE_STRICT_OBJC_MSGSEND = YES;
				GCC_C_LANGUAGE_STANDARD = gnu11;
				GCC_NO_COMMON_BLOCKS = YES;
				GCC_WARN_64_TO_32_BIT_CONVERSION = YES;
				GCC_WARN_ABOUT_RETURN_TYPE = YES_ERROR;
				GCC_WARN_UNDECLARED_SELECTOR = YES;
				GCC_WARN_UNINITIALIZED_AUTOS = YES_AGGRESSIVE;
				GCC_WARN_UNUSED_FUNCTION = YES;
				GCC_WARN_UNUSED_VARIABLE = YES;
				IPHONEOS_DEPLOYMENT_TARGET = 14.0;
				MTL_ENABLE_DEBUG_INFO = NO;
				MTL_FAST_MATH = YES;
				SDKROOT = iphoneos;
				SWIFT_COMPILATION_MODE = wholemodule;
				SWIFT_OPTIMIZATION_LEVEL = "-O";
				VALIDATE_PRODUCT = YES;
			};
			name = Release;
		};
		C14A650825E0BC8300AF41DE /* Debug */ = {
			isa = XCBuildConfiguration;
			baseConfigurationReference = B429594073DADB4362AD72B9 /* Pods-testGQ.debug.xcconfig */;
			buildSettings = {
				ASSETCATALOG_COMPILER_APPICON_NAME = AppIcon;
				ASSETCATALOG_COMPILER_GLOBAL_ACCENT_COLOR_NAME = AccentColor;
				CLANG_ENABLE_MODULES = YES;
				CODE_SIGN_IDENTITY = "iPhone Developer";
				CODE_SIGN_STYLE = Manual;
				DEVELOPMENT_TEAM = 287G286R32;
				INFOPLIST_FILE = testGQ/Info.plist;
				LD_RUNPATH_SEARCH_PATHS = (
					"$(inherited)",
					"@executable_path/Frameworks",
				);
				PRODUCT_BUNDLE_IDENTIFIER = sixiang.com.testGQ;
				PRODUCT_NAME = "$(TARGET_NAME)";
				PROVISIONING_PROFILE_SPECIFIER = taozi_common;
				SWIFT_OBJC_BRIDGING_HEADER = "testGQ/testGQ-Bridging-Header.h";
				SWIFT_OPTIMIZATION_LEVEL = "-Onone";
				SWIFT_VERSION = 5.0;
				TARGETED_DEVICE_FAMILY = "1,2";
			};
			name = Debug;
		};
		C14A650925E0BC8300AF41DE /* Release */ = {
			isa = XCBuildConfiguration;
			baseConfigurationReference = B3E5040CFA76775C6D1A1E56 /* Pods-testGQ.release.xcconfig */;
			buildSettings = {
				ASSETCATALOG_COMPILER_APPICON_NAME = AppIcon;
				ASSETCATALOG_COMPILER_GLOBAL_ACCENT_COLOR_NAME = AccentColor;
				CLANG_ENABLE_MODULES = YES;
				CODE_SIGN_IDENTITY = "iPhone Developer";
				CODE_SIGN_STYLE = Manual;
				DEVELOPMENT_TEAM = 287G286R32;
				INFOPLIST_FILE = testGQ/Info.plist;
				LD_RUNPATH_SEARCH_PATHS = (
					"$(inherited)",
					"@executable_path/Frameworks",
				);
				PRODUCT_BUNDLE_IDENTIFIER = sixiang.com.testGQ;
				PRODUCT_NAME = "$(TARGET_NAME)";
				PROVISIONING_PROFILE_SPECIFIER = taozi_common;
				SWIFT_OBJC_BRIDGING_HEADER = "testGQ/testGQ-Bridging-Header.h";
				SWIFT_VERSION = 5.0;
				TARGETED_DEVICE_FAMILY = "1,2";
			};
			name = Release;
		};
		C14A650B25E0BC8300AF41DE /* Debug */ = {
			isa = XCBuildConfiguration;
			buildSettings = {
				ALWAYS_EMBED_SWIFT_STANDARD_LIBRARIES = YES;
				BUNDLE_LOADER = "$(TEST_HOST)";
				CODE_SIGN_STYLE = Automatic;
				INFOPLIST_FILE = testGQTests/Info.plist;
				IPHONEOS_DEPLOYMENT_TARGET = 14.3;
				LD_RUNPATH_SEARCH_PATHS = (
					"$(inherited)",
					"@executable_path/Frameworks",
					"@loader_path/Frameworks",
				);
				PRODUCT_BUNDLE_IDENTIFIER = sixiang.com.testGQTests;
				PRODUCT_NAME = "$(TARGET_NAME)";
				SWIFT_VERSION = 5.0;
				TARGETED_DEVICE_FAMILY = "1,2";
				TEST_HOST = "$(BUILT_PRODUCTS_DIR)/testGQ.app/testGQ";
			};
			name = Debug;
		};
		C14A650C25E0BC8300AF41DE /* Release */ = {
			isa = XCBuildConfiguration;
			buildSettings = {
				ALWAYS_EMBED_SWIFT_STANDARD_LIBRARIES = YES;
				BUNDLE_LOADER = "$(TEST_HOST)";
				CODE_SIGN_STYLE = Automatic;
				INFOPLIST_FILE = testGQTests/Info.plist;
				IPHONEOS_DEPLOYMENT_TARGET = 14.3;
				LD_RUNPATH_SEARCH_PATHS = (
					"$(inherited)",
					"@executable_path/Frameworks",
					"@loader_path/Frameworks",
				);
				PRODUCT_BUNDLE_IDENTIFIER = sixiang.com.testGQTests;
				PRODUCT_NAME = "$(TARGET_NAME)";
				SWIFT_VERSION = 5.0;
				TARGETED_DEVICE_FAMILY = "1,2";
				TEST_HOST = "$(BUILT_PRODUCTS_DIR)/testGQ.app/testGQ";
			};
			name = Release;
		};
		C14A650E25E0BC8300AF41DE /* Debug */ = {
			isa = XCBuildConfiguration;
			buildSettings = {
				ALWAYS_EMBED_SWIFT_STANDARD_LIBRARIES = YES;
				CODE_SIGN_STYLE = Automatic;
				INFOPLIST_FILE = testGQUITests/Info.plist;
				LD_RUNPATH_SEARCH_PATHS = (
					"$(inherited)",
					"@executable_path/Frameworks",
					"@loader_path/Frameworks",
				);
				PRODUCT_BUNDLE_IDENTIFIER = sixiang.com.testGQUITests;
				PRODUCT_NAME = "$(TARGET_NAME)";
				SWIFT_VERSION = 5.0;
				TARGETED_DEVICE_FAMILY = "1,2";
				TEST_TARGET_NAME = testGQ;
			};
			name = Debug;
		};
		C14A650F25E0BC8300AF41DE /* Release */ = {
			isa = XCBuildConfiguration;
			buildSettings = {
				ALWAYS_EMBED_SWIFT_STANDARD_LIBRARIES = YES;
				CODE_SIGN_STYLE = Automatic;
				INFOPLIST_FILE = testGQUITests/Info.plist;
				LD_RUNPATH_SEARCH_PATHS = (
					"$(inherited)",
					"@executable_path/Frameworks",
					"@loader_path/Frameworks",
				);
				PRODUCT_BUNDLE_IDENTIFIER = sixiang.com.testGQUITests;
				PRODUCT_NAME = "$(TARGET_NAME)";
				SWIFT_VERSION = 5.0;
				TARGETED_DEVICE_FAMILY = "1,2";
				TEST_TARGET_NAME = testGQ;
			};
			name = Release;
		};
/* End XCBuildConfiguration section */

/* Begin XCConfigurationList section */
		C14A64D825E0BC8200AF41DE /* Build configuration list for PBXProject "testGQ" */ = {
			isa = XCConfigurationList;
			buildConfigurations = (
				C14A650525E0BC8300AF41DE /* Debug */,
				C14A650625E0BC8300AF41DE /* Release */,
			);
			defaultConfigurationIsVisible = 0;
			defaultConfigurationName = Release;
		};
		C14A650725E0BC8300AF41DE /* Build configuration list for PBXNativeTarget "testGQ" */ = {
			isa = XCConfigurationList;
			buildConfigurations = (
				C14A650825E0BC8300AF41DE /* Debug */,
				C14A650925E0BC8300AF41DE /* Release */,
			);
			defaultConfigurationIsVisible = 0;
			defaultConfigurationName = Release;
		};
		C14A650A25E0BC8300AF41DE /* Build configuration list for PBXNativeTarget "testGQTests" */ = {
			isa = XCConfigurationList;
			buildConfigurations = (
				C14A650B25E0BC8300AF41DE /* Debug */,
				C14A650C25E0BC8300AF41DE /* Release */,
			);
			defaultConfigurationIsVisible = 0;
			defaultConfigurationName = Release;
		};
		C14A650D25E0BC8300AF41DE /* Build configuration list for PBXNativeTarget "testGQUITests" */ = {
			isa = XCConfigurationList;
			buildConfigurations = (
				C14A650E25E0BC8300AF41DE /* Debug */,
				C14A650F25E0BC8300AF41DE /* Release */,
			);
			defaultConfigurationIsVisible = 0;
			defaultConfigurationName = Release;
		};
/* End XCConfigurationList section */
	};
	rootObject = C14A64D525E0BC8200AF41DE /* Project object */;
}
